
Microsoft Visual Studio Solution File, Format Version 12.00
# Visual Studio 15
VisualStudioVersion = 15.0.28307.1267
MinimumVisualStudioVersion = 10.0.40219.1
Project("{FAE04EC0-301F-11D3-BF4B-00C04F79EFBC}") = "ClientRest_006_alfian", "ClientRest_006_alfian\ClientRest_006_alfian.csproj", "{578FF541-55DE-460D-AE5F-1CC0E287965F}"
EndProject
Global
	GlobalSection(SolutionConfigurationPlatforms) = preSolution
		Debug|Any CPU = Debug|Any CPU
		Release|Any CPU = Release|Any CPU
	EndGlobalSection
	GlobalSection(ProjectConfigurationPlatforms) = postSolution
		{578FF541-55DE-460D-AE5F-1CC0E287965F}.Debug|Any CPU.ActiveCfg = Debug|Any CPU
		{578FF541-55DE-460D-AE5F-1CC0E287965F}.Debug|Any CPU.Build.0 = Debug|Any CPU
		{578FF541-55DE-460D-AE5F-1CC0E287965F}.Release|Any CPU.ActiveCfg = Release|Any CPU
		{578FF541-55DE-460D-AE5F-1CC0E287965F}.Release|Any CPU.Build.0 = Release|Any CPU
	EndGlobalSection
	GlobalSection(SolutionProperties) = preSolution
		HideSolutionNode = FALSE
	EndGlobalSection
	GlobalSection(ExtensibilityGlobals) = postSolution
		SolutionGuid = {C0CAAF14-0149-4734-94F8-062917553946}
	EndGlobalSection
EndGlobal
